
Microsoft Visual Studio Solution File, Format Version 12.00
# Visual Studio Version 16
VisualStudioVersion = 16.0.30621.155
MinimumVisualStudioVersion = 10.0.40219.1
Project("{9A19103F-16F7-4668-BE54-9A1E7A4F7556}") = "GenshinImpactMod", "GenshinImpactMod.csproj", "{B50FE9AC-F048-46AF-A82B-F13F1DB1567C}"
EndProject
Global
	GlobalSection(SolutionConfigurationPlatforms) = preSolution
		Debug|Any CPU = Debug|Any CPU
		Release|Any CPU = Release|Any CPU
	EndGlobalSection
	GlobalSection(ProjectConfigurationPlatforms) = postSolution
		{B50FE9AC-F048-46AF-A82B-F13F1DB1567C}.Debug|Any CPU.ActiveCfg = Debug|Any CPU
		{B50FE9AC-F048-46AF-A82B-F13F1DB1567C}.Debug|Any CPU.Build.0 = Debug|Any CPU
		{B50FE9AC-F048-46AF-A82B-F13F1DB1567C}.Release|Any CPU.ActiveCfg = Release|Any CPU
		{B50FE9AC-F048-46AF-A82B-F13F1DB1567C}.Release|Any CPU.Build.0 = Release|Any CPU
	EndGlobalSection
	GlobalSection(SolutionProperties) = preSolution
		HideSolutionNode = FALSE
	EndGlobalSection
	GlobalSection(ExtensibilityGlobals) = postSolution
		SolutionGuid = {F11CEF95-6C9D-42D9-82F4-6B5F516E5E25}
	EndGlobalSection
EndGlobal
